
Microsoft Visual Studio Solution File, Format Version 12.00
# Visual Studio Version 17
VisualStudioVersion = 17.14.36908.2 d17.14
MinimumVisualStudioVersion = 10.0.40219.1
Project("{FAE04EC0-301F-11D3-BF4B-00C04F79EFBC}") = "LinqExercicio", "LinqExercicio.csproj", "{C0F83869-E4D3-4669-9502-19EA43D610D4}"
EndProject
Global
	GlobalSection(SolutionConfigurationPlatforms) = preSolution
		Debug|Any CPU = Debug|Any CPU
		Release|Any CPU = Release|Any CPU
	EndGlobalSection
	GlobalSection(ProjectConfigurationPlatforms) = postSolution
		{C0F83869-E4D3-4669-9502-19EA43D610D4}.Debug|Any CPU.ActiveCfg = Debug|Any CPU
		{C0F83869-E4D3-4669-9502-19EA43D610D4}.Debug|Any CPU.Build.0 = Debug|Any CPU
		{C0F83869-E4D3-4669-9502-19EA43D610D4}.Release|Any CPU.ActiveCfg = Release|Any CPU
		{C0F83869-E4D3-4669-9502-19EA43D610D4}.Release|Any CPU.Build.0 = Release|Any CPU
	EndGlobalSection
	GlobalSection(SolutionProperties) = preSolution
		HideSolutionNode = FALSE
	EndGlobalSection
	GlobalSection(ExtensibilityGlobals) = postSolution
		SolutionGuid = {95107495-67D9-4535-AE1B-02E7A817343F}
	EndGlobalSection
EndGlobal
